# This file is autogenerated, do not edit; changes may be undone by the next 'dep ensure'.


[[projects]]
  digest = "1:02ffd222370c4bee4b4fbefcea8eb0def8c9d58ee9818de640e4de1d0bb74df1"
  name = "github.com/astaxie/beego"
  packages = ["httplib"]
  pruneopts = "NUT"
  revision = "1b6edafc96ad27b6515fafeccd7339dda3e997b1"
  version = "v1.11.1"

[[projects]]
  branch = "master"
  digest = "1:e2b86e41f3d669fc36b50d31d32d22c8ac656c75aa5ea89717ce7177e134ff2a"
  name = "github.com/golang/glog"
  packages = ["."]
  pruneopts = "NUT"
  revision = "23def4e6c14b4da8ac2ed8007337bc5eb5007998"

[[projects]]
  digest = "1:e848ce7c0b0d50ca35291ac8cfd9ed444f8151c39683cbe23b50c82940e7877f"
  name = "github.com/pmorie/go-open-service-broker-client"
  packages = ["v2"]
  pruneopts = "NUT"
  revision = "79b374a2302fe4a2c05c6f469262d195b765152f"
  version = "0.0.12"

[[projects]]
  digest = "1:7c95b35057a0ff2e19f707173cc1a947fa43a6eb5c4d300d196ece0334046082"
  name = "gopkg.in/yaml.v2"
  packages = ["."]
  pruneopts = "NUT"
  revision = "5420a8b6744d3b0345ab293f6fcba19c978f1183"
  version = "v2.2.1"

[solve-meta]
  analyzer-name = "dep"
  analyzer-version = 1
  input-imports = [
    "github.com/astaxie/beego/httplib",
    "github.com/pmorie/go-open-service-broker-client/v2",
  ]
  solver-name = "gps-cdcl"
  solver-version = 1
